{
  "name": "sol-backend",
  "version": "1.0.0",
  "lockfileVersion": 1,
  "requires": true,
  "dependencies": {
    "openai": {
      "version": "5.9.0",
      "resolved": "https://registry.npmjs.org/openai/-/openai-5.9.0.tgz",
      "integrity": "sha512-cmLC0pfqLLhBGxE4aZPyRPjydgYCncppV2ClQkKmW79hNjCvmzkfhz8rN5/YVDmjVQlFV+UsF1JIuNjNgeagyQ=="
    }
  }
}
